// !$*UTF8*$!
{
	archiveVersion = 1;
	classes = {
	};
	objectVersion = 46;
	objects = {

/* Begin PBXBuildFile section */
		A725BAD71D94680E002A48FB /* AppDelegate.swift in Sources */ = {isa = PBXBuildFile; fileRef = A725BAD61D94680E002A48FB /* AppDelegate.swift */; };
		A725BAD91D94680E002A48FB /* ViewController.swift in Sources */ = {isa = PBXBuildFile; fileRef = A725BAD81D94680E002A48FB /* ViewController.swift */; };
		A725BADC1D94680E002A48FB /* Main.storyboard in Resources */ = {isa = PBXBuildFile; fileRef = A725BADA1D94680E002A48FB /* Main.storyboard */; };
		A725BADE1D94680E002A48FB /* Assets.xcassets in Resources */ = {isa = PBXBuildFile; fileRef = A725BADD1D94680E002A48FB /* Assets.xcassets */; };
		A725BAE11D94680E002A48FB /* LaunchScreen.storyboard in Resources */ = {isa = PBXBuildFile; fileRef = A725BADF1D94680E002A48FB /* LaunchScreen.storyboard */; };
/* End PBXBuildFile section */

/* Begin PBXFileReference section */
		A725BAD31D94680E002A48FB /* AC32UnitMidunitMock.app */ = {isa = PBXFileReference; explicitFileType = wrapper.application; includeInIndex = 0; path = AC32UnitMidunitMock.app; sourceTree = BUILT_PRODUCTS_DIR; };
		A725BAD61D94680E002A48FB /* AppDelegate.swift */ = {isa = PBXFileReference; lastKnownFileType = sourcecode.swift; path = AppDelegate.swift; sourceTree = "<group>"; };
		A725BAD81D94680E002A48FB /* ViewController.swift */ = {isa = PBXFileReference; lastKnownFileType = sourcecode.swift; path = ViewController.swift; sourceTree = "<group>"; };
		A725BADB1D94680E002A48FB /* Base */ = {isa = PBXFileReference; lastKnownFileType = file.storyboard; name = Base; path = Base.lproj/Main.storyboard; sourceTree = "<group>"; };
		A725BADD1D94680E002A48FB /* Assets.xcassets */ = {isa = PBXFileReference; lastKnownFileType = folder.assetcatalog; path = Assets.xcassets; sourceTree = "<group>"; };
		A725BAE01D94680E002A48FB /* Base */ = {isa = PBXFileReference; lastKnownFileType = file.storyboard; name = Base; path = Base.lproj/LaunchScreen.storyboard; sourceTree = "<group>"; };
		A725BAE21D94680E002A48FB /* Info.plist */ = {isa = PBXFileReference; lastKnownFileType = text.plist.xml; path = Info.plist; sourceTree = "<group>"; };
/* End PBXFileReference section */

/* Begin PBXFrameworksBuildPhase section */
		A725BAD01D94680E002A48FB /* Frameworks */ = {
			isa = PBXFrameworksBuildPhase;
			buildActionMask = 2147483647;
			files = (
			);
			runOnlyForDeploymentPostprocessing = 0;
		};
/* End PBXFrameworksBuildPhase section */

/* Begin PBXGroup section */
		A725BACA1D94680E002A48FB = {
			isa = PBXGroup;
			children = (
				A725BAD51D94680E002A48FB /* AC32UnitMidunitMock */,
				A725BAD41D94680E002A48FB /* Products */,
			);
			sourceTree = "<group>";
		};
		A725BAD41D94680E002A48FB /* Products */ = {
			isa = PBXGroup;
			children = (
				A725BAD31D94680E002A48FB /* AC32UnitMidunitMock.app */,
			);
			name = Products;
			sourceTree = "<group>";
		};
		A725BAD51D94680E002A48FB /* AC32UnitMidunitMock */ = {
			isa = PBXGroup;
			children = (
				A725BAD61D94680E002A48FB /* AppDelegate.swift */,
				A725BAD81D94680E002A48FB /* ViewController.swift */,
				A725BADA1D94680E002A48FB /* Main.storyboard */,
				A725BADD1D94680E002A48FB /* Assets.xcassets */,
				A725BADF1D94680E002A48FB /* LaunchScreen.storyboard */,
				A725BAE21D94680E002A48FB /* Info.plist */,
			);
			path = AC32UnitMidunitMock;
			sourceTree = "<group>";
		};
/* End PBXGroup section */

/* Begin PBXNativeTarget section */
		A725BAD21D94680E002A48FB /* AC32UnitMidunitMock */ = {
			isa = PBXNativeTarget;
			buildConfigurationList = A725BAE51D94680E002A48FB /* Build configuration list for PBXNativeTarget "AC32UnitMidunitMock" */;
			buildPhases = (
				A725BACF1D94680E002A48FB /* Sources */,
				A725BAD01D94680E002A48FB /* Frameworks */,
				A725BAD11D94680E002A48FB /* Resources */,
			);
			buildRules = (
			);
			dependencies = (
			);
			name = AC32UnitMidunitMock;
			productName = AC32UnitMidunitMock;
			productReference = A725BAD31D94680E002A48FB /* AC32UnitMidunitMock.app */;
			productType = "com.apple.product-type.application";
		};
/* End PBXNativeTarget section */

/* Begin PBXProject section */
		A725BACB1D94680E002A48FB /* Project object */ = {
			isa = PBXProject;
			attributes = {
				LastSwiftUpdateCheck = 0800;
				LastUpgradeCheck = 0800;
				ORGANIZATIONNAME = C4Q;
				TargetAttributes = {
					A725BAD21D94680E002A48FB = {
						CreatedOnToolsVersion = 8.0;
						ProvisioningStyle = Automatic;
					};
				};
			};
			buildConfigurationList = A725BACE1D94680E002A48FB /* Build configuration list for PBXProject "AC32UnitMidunitMock" */;
			compatibilityVersion = "Xcode 3.2";
			developmentRegion = English;
			hasScannedForEncodings = 0;
			knownRegions = (
				en,
				Base,
			);
			mainGroup = A725BACA1D94680E002A48FB;
			productRefGroup = A725BAD41D94680E002A48FB /* Products */;
			projectDirPath = "";
			projectRoot = "";
			targets = (
				A725BAD21D94680E002A48FB /* AC32UnitMidunitMock */,
			);
		};
/* End PBXProject section */

/* Begin PBXResourcesBuildPhase section */
		A725BAD11D94680E002A48FB /* Resources */ = {
			isa = PBXResourcesBuildPhase;
			buildActionMask = 2147483647;
			files = (
				A725BAE11D94680E002A48FB /* LaunchScreen.storyboard in Resources */,
				A725BADE1D94680E002A48FB /* Assets.xcassets in Resources */,
				A725BADC1D94680E002A48FB /* Main.storyboard in Resources */,
			);
			runOnlyForDeploymentPostprocessing = 0;
		};
/* End PBXResourcesBuildPhase section */

/* Begin PBXSourcesBuildPhase section */
		A725BACF1D94680E002A48FB /* Sources */ = {
			isa = PBXSourcesBuildPhase;
			buildActionMask = 2147483647;
			files = (
				A725BAD91D94680E002A48FB /* ViewController.swift in Sources */,
				A725BAD71D94680E002A48FB /* AppDelegate.swift in Sources */,
			);
			runOnlyForDeploymentPostprocessing = 0;
		};
/* End PBXSourcesBuildPhase section */

/* Begin PBXVariantGroup section */
		A725BADA1D94680E002A48FB /* Main.storyboard */ = {
			isa = PBXVariantGroup;
			children = (
				A725BADB1D94680E002A48FB /* Base */,
			);
			name = Main.storyboard;
			sourceTree = "<group>";
		};
		A725BADF1D94680E002A48FB /* LaunchScreen.storyboard */ = {
			isa = PBXVariantGroup;
			children = (
				A725BAE01D94680E002A48FB /* Base */,
			);
			name = LaunchScreen.storyboard;
			sourceTree = "<group>";
		};
/* End PBXVariantGroup section */

/* Begin XCBuildConfiguration section */
		A725BAE31D94680E002A48FB /* Debug */ = {
			isa = XCBuildConfiguration;
			buildSettings = {
				ALWAYS_SEARCH_USER_PATHS = NO;
				CLANG_ANALYZER_NONNULL = YES;
				CLANG_CXX_LANGUAGE_STANDARD = "gnu++0x";
				CLANG_CXX_LIBRARY = "libc++";
				CLANG_ENABLE_MODULES = YES;
				CLANG_ENABLE_OBJC_ARC = YES;
				CLANG_WARN_BOOL_CONVERSION = YES;
				CLANG_WARN_CONSTANT_CONVERSION = YES;
				CLANG_WARN_DIRECT_OBJC_ISA_USAGE = YES_ERROR;
				CLANG_WARN_DOCUMENTATION_COMMENTS = YES;
				CLANG_WARN_EMPTY_BODY = YES;
				CLANG_WARN_ENUM_CONVERSION = YES;
				CLANG_WARN_INFINITE_RECURSION = YES;
				CLANG_WARN_INT_CONVERSION = YES;
				CLANG_WARN_OBJC_ROOT_CLASS = YES_ERROR;
				CLANG_WARN_SUSPICIOUS_MOVES = YES;
				CLANG_WARN_UNREACHABLE_CODE = YES;
				CLANG_WARN__DUPLICATE_METHOD_MATCH = YES;
				"CODE_SIGN_IDENTITY[sdk=iphoneos*]" = "iPhone Developer";
				COPY_PHASE_STRIP = NO;
				DEBUG_INFORMATION_FORMAT = dwarf;
				ENABLE_STRICT_OBJC_MSGSEND = YES;
				ENABLE_TESTABILITY = YES;
				GCC_C_LANGUAGE_STANDARD = gnu99;
				GCC_DYNAMIC_NO_PIC = NO;
				GCC_NO_COMMON_BLOCKS = YES;
				GCC_OPTIMIZATION_LEVEL = 0;
				GCC_PREPROCESSOR_DEFINITIONS = (
					"DEBUG=1",
					"$(inherited)",
				);
				GCC_WARN_64_TO_32_BIT_CONVERSION = YES;
				GCC_WARN_ABOUT_RETURN_TYPE = YES_ERROR;
				GCC_WARN_UNDECLARED_SELECTOR = YES;
				GCC_WARN_UNINITIALIZED_AUTOS = YES_AGGRESSIVE;
				GCC_WARN_UNUSED_FUNCTION = YES;
				GCC_WARN_UNUSED_VARIABLE = YES;
				IPHONEOS_DEPLOYMENT_TARGET = 10.0;
				MTL_ENABLE_DEBUG_INFO = YES;
				ONLY_ACTIVE_ARCH = YES;
				SDKROOT = iphoneos;
				SWIFT_ACTIVE_COMPILATION_CONDITIONS = DEBUG;
				SWIFT_OPTIMIZATION_LEVEL = "-Onone";
				TARGETED_DEVICE_FAMILY = "1,2";
			};
			name = Debug;
		};
		A725BAE41D94680E002A48FB /* Release */ = {
			isa = XCBuildConfiguration;
			buildSettings = {
				ALWAYS_SEARCH_USER_PATHS = NO;
				CLANG_ANALYZER_NONNULL = YES;
				CLANG_CXX_LANGUAGE_STANDARD = "gnu++0x";
				CLANG_CXX_LIBRARY = "libc++";
				CLANG_ENABLE_MODULES = YES;
				CLANG_ENABLE_OBJC_ARC = YES;
				CLANG_WARN_BOOL_CONVERSION = YES;
				CLANG_WARN_CONSTANT_CONVERSION = YES;
				CLANG_WARN_DIRECT_OBJC_ISA_USAGE = YES_ERROR;
				CLANG_WARN_DOCUMENTATION_COMMENTS = YES;
				CLANG_WARN_EMPTY_BODY = YES;
				CLANG_WARN_ENUM_CONVERSION = YES;
				CLANG_WARN_INFINITE_RECURSION = YES;
				CLANG_WARN_INT_CONVERSION = YES;
				CLANG_WARN_OBJC_ROOT_CLASS = YES_ERROR;
				CLANG_WARN_SUSPICIOUS_MOVES = YES;
				CLANG_WARN_UNREACHABLE_CODE = YES;
				CLANG_WARN__DUPLICATE_METHOD_MATCH = YES;
				"CODE_SIGN_IDENTITY[sdk=iphoneos*]" = "iPhone Developer";
				COPY_PHASE_STRIP = NO;
				DEBUG_INFORMATION_FORMAT = "dwarf-with-dsym";
				ENABLE_NS_ASSERTIONS = NO;
				ENABLE_STRICT_OBJC_MSGSEND = YES;
				GCC_C_LANGUAGE_STANDARD = gnu99;
				GCC_NO_COMMON_BLOCKS = YES;
				GCC_WARN_64_TO_32_BIT_CONVERSION = YES;
				GCC_WARN_ABOUT_RETURN_TYPE = YES_ERROR;
				GCC_WARN_UNDECLARED_SELECTOR = YES;
				GCC_WARN_UNINITIALIZED_AUTOS = YES_AGGRESSIVE;
				GCC_WARN_UNUSED_FUNCTION = YES;
				GCC_WARN_UNUSED_VARIABLE = YES;
				IPHONEOS_DEPLOYMENT_TARGET = 10.0;
				MTL_ENABLE_DEBUG_INFO = NO;
				SDKROOT = iphoneos;
				SWIFT_OPTIMIZATION_LEVEL = "-Owholemodule";
				TARGETED_DEVICE_FAMILY = "1,2";
				VALIDATE_PRODUCT = YES;
			};
			name = Release;
		};
		A725BAE61D94680E002A48FB /* Debug */ = {
			isa = XCBuildConfiguration;
			buildSettings = {
				ASSETCATALOG_COMPILER_APPICON_NAME = AppIcon;
				INFOPLIST_FILE = AC32UnitMidunitMock/Info.plist;
				LD_RUNPATH_SEARCH_PATHS = "$(inherited) @executable_path/Frameworks";
				PRODUCT_BUNDLE_IDENTIFIER = nyc.c4q.anama.AC32UnitMidunitMock;
				PRODUCT_NAME = "$(TARGET_NAME)";
				SWIFT_VERSION = 3.0;
			};
			name = Debug;
		};
		A725BAE71D94680E002A48FB /* Release */ = {
			isa = XCBuildConfiguration;
			buildSettings = {
				ASSETCATALOG_COMPILER_APPICON_NAME = AppIcon;
				INFOPLIST_FILE = AC32UnitMidunitMock/Info.plist;
				LD_RUNPATH_SEARCH_PATHS = "$(inherited) @executable_path/Frameworks";
				PRODUCT_BUNDLE_IDENTIFIER = nyc.c4q.anama.AC32UnitMidunitMock;
				PRODUCT_NAME = "$(TARGET_NAME)";
				SWIFT_VERSION = 3.0;
			};
			name = Release;
		};
/* End XCBuildConfiguration section */

/* Begin XCConfigurationList section */
		A725BACE1D94680E002A48FB /* Build configuration list for PBXProject "AC32UnitMidunitMock" */ = {
			isa = XCConfigurationList;
			buildConfigurations = (
				A725BAE31D94680E002A48FB /* Debug */,
				A725BAE41D94680E002A48FB /* Release */,
			);
			defaultConfigurationIsVisible = 0;
			defaultConfigurationName = Release;
		};
		A725BAE51D94680E002A48FB /* Build configuration list for PBXNativeTarget "AC32UnitMidunitMock" */ = {
			isa = XCConfigurationList;
			buildConfigurations = (
				A725BAE61D94680E002A48FB /* Debug */,
				A725BAE71D94680E002A48FB /* Release */,
			);
			defaultConfigurationIsVisible = 0;
		};
/* End XCConfigurationList section */
	};
	rootObject = A725BACB1D94680E002A48FB /* Project object */;
}
