// !$*UTF8*$!
{
	archiveVersion = 1;
	classes = {
	};
	objectVersion = 46;
	objects = {

/* Begin PBXBuildFile section */
		1A8D21AE1D946A9800D7859A /* AppDelegate.swift in Sources */ = {isa = PBXBuildFile; fileRef = 1A8D21AD1D946A9800D7859A /* AppDelegate.swift */; };
		1A8D21B01D946A9800D7859A /* ViewController.swift in Sources */ = {isa = PBXBuildFile; fileRef = 1A8D21AF1D946A9800D7859A /* ViewController.swift */; };
		1A8D21B31D946A9800D7859A /* Main.storyboard in Resources */ = {isa = PBXBuildFile; fileRef = 1A8D21B11D946A9800D7859A /* Main.storyboard */; };
		1A8D21B51D946A9800D7859A /* Assets.xcassets in Resources */ = {isa = PBXBuildFile; fileRef = 1A8D21B41D946A9800D7859A /* Assets.xcassets */; };
		1A8D21B81D946A9800D7859A /* LaunchScreen.storyboard in Resources */ = {isa = PBXBuildFile; fileRef = 1A8D21B61D946A9800D7859A /* LaunchScreen.storyboard */; };
/* End PBXBuildFile section */

/* Begin PBXFileReference section */
		1A8D21AA1D946A9800D7859A /* AC32UnitMidunitMock.app */ = {isa = PBXFileReference; explicitFileType = wrapper.application; includeInIndex = 0; path = AC32UnitMidunitMock.app; sourceTree = BUILT_PRODUCTS_DIR; };
		1A8D21AD1D946A9800D7859A /* AppDelegate.swift */ = {isa = PBXFileReference; lastKnownFileType = sourcecode.swift; path = AppDelegate.swift; sourceTree = "<group>"; };
		1A8D21AF1D946A9800D7859A /* ViewController.swift */ = {isa = PBXFileReference; lastKnownFileType = sourcecode.swift; path = ViewController.swift; sourceTree = "<group>"; };
		1A8D21B21D946A9800D7859A /* Base */ = {isa = PBXFileReference; lastKnownFileType = file.storyboard; name = Base; path = Base.lproj/Main.storyboard; sourceTree = "<group>"; };
		1A8D21B41D946A9800D7859A /* Assets.xcassets */ = {isa = PBXFileReference; lastKnownFileType = folder.assetcatalog; path = Assets.xcassets; sourceTree = "<group>"; };
		1A8D21B71D946A9800D7859A /* Base */ = {isa = PBXFileReference; lastKnownFileType = file.storyboard; name = Base; path = Base.lproj/LaunchScreen.storyboard; sourceTree = "<group>"; };
		1A8D21B91D946A9800D7859A /* Info.plist */ = {isa = PBXFileReference; lastKnownFileType = text.plist.xml; path = Info.plist; sourceTree = "<group>"; };
/* End PBXFileReference section */

/* Begin PBXFrameworksBuildPhase section */
		1A8D21A71D946A9800D7859A /* Frameworks */ = {
			isa = PBXFrameworksBuildPhase;
			buildActionMask = 2147483647;
			files = (
			);
			runOnlyForDeploymentPostprocessing = 0;
		};
/* End PBXFrameworksBuildPhase section */

/* Begin PBXGroup section */
		1A8D21A11D946A9800D7859A = {
			isa = PBXGroup;
			children = (
				1A8D21AC1D946A9800D7859A /* AC32UnitMidunitMock */,
				1A8D21AB1D946A9800D7859A /* Products */,
			);
			sourceTree = "<group>";
		};
		1A8D21AB1D946A9800D7859A /* Products */ = {
			isa = PBXGroup;
			children = (
				1A8D21AA1D946A9800D7859A /* AC32UnitMidunitMock.app */,
			);
			name = Products;
			sourceTree = "<group>";
		};
		1A8D21AC1D946A9800D7859A /* AC32UnitMidunitMock */ = {
			isa = PBXGroup;
			children = (
				1A8D21AD1D946A9800D7859A /* AppDelegate.swift */,
				1A8D21AF1D946A9800D7859A /* ViewController.swift */,
				1A8D21B11D946A9800D7859A /* Main.storyboard */,
				1A8D21B41D946A9800D7859A /* Assets.xcassets */,
				1A8D21B61D946A9800D7859A /* LaunchScreen.storyboard */,
				1A8D21B91D946A9800D7859A /* Info.plist */,
			);
			path = AC32UnitMidunitMock;
			sourceTree = "<group>";
		};
/* End PBXGroup section */

/* Begin PBXNativeTarget section */
		1A8D21A91D946A9800D7859A /* AC32UnitMidunitMock */ = {
			isa = PBXNativeTarget;
			buildConfigurationList = 1A8D21BC1D946A9800D7859A /* Build configuration list for PBXNativeTarget "AC32UnitMidunitMock" */;
			buildPhases = (
				1A8D21A61D946A9800D7859A /* Sources */,
				1A8D21A71D946A9800D7859A /* Frameworks */,
				1A8D21A81D946A9800D7859A /* Resources */,
			);
			buildRules = (
			);
			dependencies = (
			);
			name = AC32UnitMidunitMock;
			productName = AC32UnitMidunitMock;
			productReference = 1A8D21AA1D946A9800D7859A /* AC32UnitMidunitMock.app */;
			productType = "com.apple.product-type.application";
		};
/* End PBXNativeTarget section */

/* Begin PBXProject section */
		1A8D21A21D946A9800D7859A /* Project object */ = {
			isa = PBXProject;
			attributes = {
				LastSwiftUpdateCheck = 0800;
				LastUpgradeCheck = 0800;
				ORGANIZATIONNAME = "Jermaine Kelly";
				TargetAttributes = {
					1A8D21A91D946A9800D7859A = {
						CreatedOnToolsVersion = 8.0;
						ProvisioningStyle = Automatic;
					};
				};
			};
			buildConfigurationList = 1A8D21A51D946A9800D7859A /* Build configuration list for PBXProject "AC32UnitMidunitMock" */;
			compatibilityVersion = "Xcode 3.2";
			developmentRegion = English;
			hasScannedForEncodings = 0;
			knownRegions = (
				en,
				Base,
			);
			mainGroup = 1A8D21A11D946A9800D7859A;
			productRefGroup = 1A8D21AB1D946A9800D7859A /* Products */;
			projectDirPath = "";
			projectRoot = "";
			targets = (
				1A8D21A91D946A9800D7859A /* AC32UnitMidunitMock */,
			);
		};
/* End PBXProject section */

/* Begin PBXResourcesBuildPhase section */
		1A8D21A81D946A9800D7859A /* Resources */ = {
			isa = PBXResourcesBuildPhase;
			buildActionMask = 2147483647;
			files = (
				1A8D21B81D946A9800D7859A /* LaunchScreen.storyboard in Resources */,
				1A8D21B51D946A9800D7859A /* Assets.xcassets in Resources */,
				1A8D21B31D946A9800D7859A /* Main.storyboard in Resources */,
			);
			runOnlyForDeploymentPostprocessing = 0;
		};
/* End PBXResourcesBuildPhase section */

/* Begin PBXSourcesBuildPhase section */
		1A8D21A61D946A9800D7859A /* Sources */ = {
			isa = PBXSourcesBuildPhase;
			buildActionMask = 2147483647;
			files = (
				1A8D21B01D946A9800D7859A /* ViewController.swift in Sources */,
				1A8D21AE1D946A9800D7859A /* AppDelegate.swift in Sources */,
			);
			runOnlyForDeploymentPostprocessing = 0;
		};
/* End PBXSourcesBuildPhase section */

/* Begin PBXVariantGroup section */
		1A8D21B11D946A9800D7859A /* Main.storyboard */ = {
			isa = PBXVariantGroup;
			children = (
				1A8D21B21D946A9800D7859A /* Base */,
			);
			name = Main.storyboard;
			sourceTree = "<group>";
		};
		1A8D21B61D946A9800D7859A /* LaunchScreen.storyboard */ = {
			isa = PBXVariantGroup;
			children = (
				1A8D21B71D946A9800D7859A /* Base */,
			);
			name = LaunchScreen.storyboard;
			sourceTree = "<group>";
		};
/* End PBXVariantGroup section */

/* Begin XCBuildConfiguration section */
		1A8D21BA1D946A9800D7859A /* Debug */ = {
			isa = XCBuildConfiguration;
			buildSettings = {
				ALWAYS_SEARCH_USER_PATHS = NO;
				CLANG_ANALYZER_NONNULL = YES;
				CLANG_CXX_LANGUAGE_STANDARD = "gnu++0x";
				CLANG_CXX_LIBRARY = "libc++";
				CLANG_ENABLE_MODULES = YES;
				CLANG_ENABLE_OBJC_ARC = YES;
				CLANG_WARN_BOOL_CONVERSION = YES;
				CLANG_WARN_CONSTANT_CONVERSION = YES;
				CLANG_WARN_DIRECT_OBJC_ISA_USAGE = YES_ERROR;
				CLANG_WARN_DOCUMENTATION_COMMENTS = YES;
				CLANG_WARN_EMPTY_BODY = YES;
				CLANG_WARN_ENUM_CONVERSION = YES;
				CLANG_WARN_INFINITE_RECURSION = YES;
				CLANG_WARN_INT_CONVERSION = YES;
				CLANG_WARN_OBJC_ROOT_CLASS = YES_ERROR;
				CLANG_WARN_SUSPICIOUS_MOVES = YES;
				CLANG_WARN_UNREACHABLE_CODE = YES;
				CLANG_WARN__DUPLICATE_METHOD_MATCH = YES;
				"CODE_SIGN_IDENTITY[sdk=iphoneos*]" = "iPhone Developer";
				COPY_PHASE_STRIP = NO;
				DEBUG_INFORMATION_FORMAT = dwarf;
				ENABLE_STRICT_OBJC_MSGSEND = YES;
				ENABLE_TESTABILITY = YES;
				GCC_C_LANGUAGE_STANDARD = gnu99;
				GCC_DYNAMIC_NO_PIC = NO;
				GCC_NO_COMMON_BLOCKS = YES;
				GCC_OPTIMIZATION_LEVEL = 0;
				GCC_PREPROCESSOR_DEFINITIONS = (
					"DEBUG=1",
					"$(inherited)",
				);
				GCC_WARN_64_TO_32_BIT_CONVERSION = YES;
				GCC_WARN_ABOUT_RETURN_TYPE = YES_ERROR;
				GCC_WARN_UNDECLARED_SELECTOR = YES;
				GCC_WARN_UNINITIALIZED_AUTOS = YES_AGGRESSIVE;
				GCC_WARN_UNUSED_FUNCTION = YES;
				GCC_WARN_UNUSED_VARIABLE = YES;
				IPHONEOS_DEPLOYMENT_TARGET = 10.0;
				MTL_ENABLE_DEBUG_INFO = YES;
				ONLY_ACTIVE_ARCH = YES;
				SDKROOT = iphoneos;
				SWIFT_ACTIVE_COMPILATION_CONDITIONS = DEBUG;
				SWIFT_OPTIMIZATION_LEVEL = "-Onone";
				TARGETED_DEVICE_FAMILY = "1,2";
			};
			name = Debug;
		};
		1A8D21BB1D946A9800D7859A /* Release */ = {
			isa = XCBuildConfiguration;
			buildSettings = {
				ALWAYS_SEARCH_USER_PATHS = NO;
				CLANG_ANALYZER_NONNULL = YES;
				CLANG_CXX_LANGUAGE_STANDARD = "gnu++0x";
				CLANG_CXX_LIBRARY = "libc++";
				CLANG_ENABLE_MODULES = YES;
				CLANG_ENABLE_OBJC_ARC = YES;
				CLANG_WARN_BOOL_CONVERSION = YES;
				CLANG_WARN_CONSTANT_CONVERSION = YES;
				CLANG_WARN_DIRECT_OBJC_ISA_USAGE = YES_ERROR;
				CLANG_WARN_DOCUMENTATION_COMMENTS = YES;
				CLANG_WARN_EMPTY_BODY = YES;
				CLANG_WARN_ENUM_CONVERSION = YES;
				CLANG_WARN_INFINITE_RECURSION = YES;
				CLANG_WARN_INT_CONVERSION = YES;
				CLANG_WARN_OBJC_ROOT_CLASS = YES_ERROR;
				CLANG_WARN_SUSPICIOUS_MOVES = YES;
				CLANG_WARN_UNREACHABLE_CODE = YES;
				CLANG_WARN__DUPLICATE_METHOD_MATCH = YES;
				"CODE_SIGN_IDENTITY[sdk=iphoneos*]" = "iPhone Developer";
				COPY_PHASE_STRIP = NO;
				DEBUG_INFORMATION_FORMAT = "dwarf-with-dsym";
				ENABLE_NS_ASSERTIONS = NO;
				ENABLE_STRICT_OBJC_MSGSEND = YES;
				GCC_C_LANGUAGE_STANDARD = gnu99;
				GCC_NO_COMMON_BLOCKS = YES;
				GCC_WARN_64_TO_32_BIT_CONVERSION = YES;
				GCC_WARN_ABOUT_RETURN_TYPE = YES_ERROR;
				GCC_WARN_UNDECLARED_SELECTOR = YES;
				GCC_WARN_UNINITIALIZED_AUTOS = YES_AGGRESSIVE;
				GCC_WARN_UNUSED_FUNCTION = YES;
				GCC_WARN_UNUSED_VARIABLE = YES;
				IPHONEOS_DEPLOYMENT_TARGET = 10.0;
				MTL_ENABLE_DEBUG_INFO = NO;
				SDKROOT = iphoneos;
				SWIFT_OPTIMIZATION_LEVEL = "-Owholemodule";
				TARGETED_DEVICE_FAMILY = "1,2";
				VALIDATE_PRODUCT = YES;
			};
			name = Release;
		};
		1A8D21BD1D946A9800D7859A /* Debug */ = {
			isa = XCBuildConfiguration;
			buildSettings = {
				ASSETCATALOG_COMPILER_APPICON_NAME = AppIcon;
				INFOPLIST_FILE = AC32UnitMidunitMock/Info.plist;
				LD_RUNPATH_SEARCH_PATHS = "$(inherited) @executable_path/Frameworks";
				PRODUCT_BUNDLE_IDENTIFIER = nyc.c4q.jermainekelly.AC32UnitMidunitMock;
				PRODUCT_NAME = "$(TARGET_NAME)";
				SWIFT_VERSION = 3.0;
			};
			name = Debug;
		};
		1A8D21BE1D946A9800D7859A /* Release */ = {
			isa = XCBuildConfiguration;
			buildSettings = {
				ASSETCATALOG_COMPILER_APPICON_NAME = AppIcon;
				INFOPLIST_FILE = AC32UnitMidunitMock/Info.plist;
				LD_RUNPATH_SEARCH_PATHS = "$(inherited) @executable_path/Frameworks";
				PRODUCT_BUNDLE_IDENTIFIER = nyc.c4q.jermainekelly.AC32UnitMidunitMock;
				PRODUCT_NAME = "$(TARGET_NAME)";
				SWIFT_VERSION = 3.0;
			};
			name = Release;
		};
/* End XCBuildConfiguration section */

/* Begin XCConfigurationList section */
		1A8D21A51D946A9800D7859A /* Build configuration list for PBXProject "AC32UnitMidunitMock" */ = {
			isa = XCConfigurationList;
			buildConfigurations = (
				1A8D21BA1D946A9800D7859A /* Debug */,
				1A8D21BB1D946A9800D7859A /* Release */,
			);
			defaultConfigurationIsVisible = 0;
			defaultConfigurationName = Release;
		};
		1A8D21BC1D946A9800D7859A /* Build configuration list for PBXNativeTarget "AC32UnitMidunitMock" */ = {
			isa = XCConfigurationList;
			buildConfigurations = (
				1A8D21BD1D946A9800D7859A /* Debug */,
				1A8D21BE1D946A9800D7859A /* Release */,
			);
			defaultConfigurationIsVisible = 0;
		};
/* End XCConfigurationList section */
	};
	rootObject = 1A8D21A21D946A9800D7859A /* Project object */;
}
