// !$*UTF8*$!
{
	archiveVersion = 1;
	classes = {
	};
	objectVersion = 46;
	objects = {

/* Begin PBXBuildFile section */
		2826169F1D946A600092AACA /* AppDelegate.swift in Sources */ = {isa = PBXBuildFile; fileRef = 2826169E1D946A600092AACA /* AppDelegate.swift */; };
		282616A11D946A600092AACA /* ViewController.swift in Sources */ = {isa = PBXBuildFile; fileRef = 282616A01D946A600092AACA /* ViewController.swift */; };
		282616A41D946A600092AACA /* Main.storyboard in Resources */ = {isa = PBXBuildFile; fileRef = 282616A21D946A600092AACA /* Main.storyboard */; };
		282616A61D946A600092AACA /* Assets.xcassets in Resources */ = {isa = PBXBuildFile; fileRef = 282616A51D946A600092AACA /* Assets.xcassets */; };
		282616A91D946A600092AACA /* LaunchScreen.storyboard in Resources */ = {isa = PBXBuildFile; fileRef = 282616A71D946A600092AACA /* LaunchScreen.storyboard */; };
/* End PBXBuildFile section */

/* Begin PBXFileReference section */
		2826169B1D946A600092AACA /* AC32UnitMidunitMock.app */ = {isa = PBXFileReference; explicitFileType = wrapper.application; includeInIndex = 0; path = AC32UnitMidunitMock.app; sourceTree = BUILT_PRODUCTS_DIR; };
		2826169E1D946A600092AACA /* AppDelegate.swift */ = {isa = PBXFileReference; lastKnownFileType = sourcecode.swift; path = AppDelegate.swift; sourceTree = "<group>"; };
		282616A01D946A600092AACA /* ViewController.swift */ = {isa = PBXFileReference; lastKnownFileType = sourcecode.swift; path = ViewController.swift; sourceTree = "<group>"; };
		282616A31D946A600092AACA /* Base */ = {isa = PBXFileReference; lastKnownFileType = file.storyboard; name = Base; path = Base.lproj/Main.storyboard; sourceTree = "<group>"; };
		282616A51D946A600092AACA /* Assets.xcassets */ = {isa = PBXFileReference; lastKnownFileType = folder.assetcatalog; path = Assets.xcassets; sourceTree = "<group>"; };
		282616A81D946A600092AACA /* Base */ = {isa = PBXFileReference; lastKnownFileType = file.storyboard; name = Base; path = Base.lproj/LaunchScreen.storyboard; sourceTree = "<group>"; };
		282616AA1D946A600092AACA /* Info.plist */ = {isa = PBXFileReference; lastKnownFileType = text.plist.xml; path = Info.plist; sourceTree = "<group>"; };
/* End PBXFileReference section */

/* Begin PBXFrameworksBuildPhase section */
		282616981D946A5F0092AACA /* Frameworks */ = {
			isa = PBXFrameworksBuildPhase;
			buildActionMask = 2147483647;
			files = (
			);
			runOnlyForDeploymentPostprocessing = 0;
		};
/* End PBXFrameworksBuildPhase section */

/* Begin PBXGroup section */
		282616921D946A5F0092AACA = {
			isa = PBXGroup;
			children = (
				2826169D1D946A600092AACA /* AC32UnitMidunitMock */,
				2826169C1D946A600092AACA /* Products */,
			);
			sourceTree = "<group>";
		};
		2826169C1D946A600092AACA /* Products */ = {
			isa = PBXGroup;
			children = (
				2826169B1D946A600092AACA /* AC32UnitMidunitMock.app */,
			);
			name = Products;
			sourceTree = "<group>";
		};
		2826169D1D946A600092AACA /* AC32UnitMidunitMock */ = {
			isa = PBXGroup;
			children = (
				2826169E1D946A600092AACA /* AppDelegate.swift */,
				282616A01D946A600092AACA /* ViewController.swift */,
				282616A21D946A600092AACA /* Main.storyboard */,
				282616A51D946A600092AACA /* Assets.xcassets */,
				282616A71D946A600092AACA /* LaunchScreen.storyboard */,
				282616AA1D946A600092AACA /* Info.plist */,
			);
			path = AC32UnitMidunitMock;
			sourceTree = "<group>";
		};
/* End PBXGroup section */

/* Begin PBXNativeTarget section */
		2826169A1D946A5F0092AACA /* AC32UnitMidunitMock */ = {
			isa = PBXNativeTarget;
			buildConfigurationList = 282616AD1D946A600092AACA /* Build configuration list for PBXNativeTarget "AC32UnitMidunitMock" */;
			buildPhases = (
				282616971D946A5F0092AACA /* Sources */,
				282616981D946A5F0092AACA /* Frameworks */,
				282616991D946A5F0092AACA /* Resources */,
			);
			buildRules = (
			);
			dependencies = (
			);
			name = AC32UnitMidunitMock;
			productName = AC32UnitMidunitMock;
			productReference = 2826169B1D946A600092AACA /* AC32UnitMidunitMock.app */;
			productType = "com.apple.product-type.application";
		};
/* End PBXNativeTarget section */

/* Begin PBXProject section */
		282616931D946A5F0092AACA /* Project object */ = {
			isa = PBXProject;
			attributes = {
				LastSwiftUpdateCheck = 0800;
				LastUpgradeCheck = 0800;
				ORGANIZATIONNAME = "Margaret Ikeda";
				TargetAttributes = {
					2826169A1D946A5F0092AACA = {
						CreatedOnToolsVersion = 8.0;
						ProvisioningStyle = Automatic;
					};
				};
			};
			buildConfigurationList = 282616961D946A5F0092AACA /* Build configuration list for PBXProject "AC32UnitMidunitMock" */;
			compatibilityVersion = "Xcode 3.2";
			developmentRegion = English;
			hasScannedForEncodings = 0;
			knownRegions = (
				en,
				Base,
			);
			mainGroup = 282616921D946A5F0092AACA;
			productRefGroup = 2826169C1D946A600092AACA /* Products */;
			projectDirPath = "";
			projectRoot = "";
			targets = (
				2826169A1D946A5F0092AACA /* AC32UnitMidunitMock */,
			);
		};
/* End PBXProject section */

/* Begin PBXResourcesBuildPhase section */
		282616991D946A5F0092AACA /* Resources */ = {
			isa = PBXResourcesBuildPhase;
			buildActionMask = 2147483647;
			files = (
				282616A91D946A600092AACA /* LaunchScreen.storyboard in Resources */,
				282616A61D946A600092AACA /* Assets.xcassets in Resources */,
				282616A41D946A600092AACA /* Main.storyboard in Resources */,
			);
			runOnlyForDeploymentPostprocessing = 0;
		};
/* End PBXResourcesBuildPhase section */

/* Begin PBXSourcesBuildPhase section */
		282616971D946A5F0092AACA /* Sources */ = {
			isa = PBXSourcesBuildPhase;
			buildActionMask = 2147483647;
			files = (
				282616A11D946A600092AACA /* ViewController.swift in Sources */,
				2826169F1D946A600092AACA /* AppDelegate.swift in Sources */,
			);
			runOnlyForDeploymentPostprocessing = 0;
		};
/* End PBXSourcesBuildPhase section */

/* Begin PBXVariantGroup section */
		282616A21D946A600092AACA /* Main.storyboard */ = {
			isa = PBXVariantGroup;
			children = (
				282616A31D946A600092AACA /* Base */,
			);
			name = Main.storyboard;
			sourceTree = "<group>";
		};
		282616A71D946A600092AACA /* LaunchScreen.storyboard */ = {
			isa = PBXVariantGroup;
			children = (
				282616A81D946A600092AACA /* Base */,
			);
			name = LaunchScreen.storyboard;
			sourceTree = "<group>";
		};
/* End PBXVariantGroup section */

/* Begin XCBuildConfiguration section */
		282616AB1D946A600092AACA /* Debug */ = {
			isa = XCBuildConfiguration;
			buildSettings = {
				ALWAYS_SEARCH_USER_PATHS = NO;
				CLANG_ANALYZER_NONNULL = YES;
				CLANG_CXX_LANGUAGE_STANDARD = "gnu++0x";
				CLANG_CXX_LIBRARY = "libc++";
				CLANG_ENABLE_MODULES = YES;
				CLANG_ENABLE_OBJC_ARC = YES;
				CLANG_WARN_BOOL_CONVERSION = YES;
				CLANG_WARN_CONSTANT_CONVERSION = YES;
				CLANG_WARN_DIRECT_OBJC_ISA_USAGE = YES_ERROR;
				CLANG_WARN_DOCUMENTATION_COMMENTS = YES;
				CLANG_WARN_EMPTY_BODY = YES;
				CLANG_WARN_ENUM_CONVERSION = YES;
				CLANG_WARN_INFINITE_RECURSION = YES;
				CLANG_WARN_INT_CONVERSION = YES;
				CLANG_WARN_OBJC_ROOT_CLASS = YES_ERROR;
				CLANG_WARN_SUSPICIOUS_MOVES = YES;
				CLANG_WARN_UNREACHABLE_CODE = YES;
				CLANG_WARN__DUPLICATE_METHOD_MATCH = YES;
				"CODE_SIGN_IDENTITY[sdk=iphoneos*]" = "iPhone Developer";
				COPY_PHASE_STRIP = NO;
				DEBUG_INFORMATION_FORMAT = dwarf;
				ENABLE_STRICT_OBJC_MSGSEND = YES;
				ENABLE_TESTABILITY = YES;
				GCC_C_LANGUAGE_STANDARD = gnu99;
				GCC_DYNAMIC_NO_PIC = NO;
				GCC_NO_COMMON_BLOCKS = YES;
				GCC_OPTIMIZATION_LEVEL = 0;
				GCC_PREPROCESSOR_DEFINITIONS = (
					"DEBUG=1",
					"$(inherited)",
				);
				GCC_WARN_64_TO_32_BIT_CONVERSION = YES;
				GCC_WARN_ABOUT_RETURN_TYPE = YES_ERROR;
				GCC_WARN_UNDECLARED_SELECTOR = YES;
				GCC_WARN_UNINITIALIZED_AUTOS = YES_AGGRESSIVE;
				GCC_WARN_UNUSED_FUNCTION = YES;
				GCC_WARN_UNUSED_VARIABLE = YES;
				IPHONEOS_DEPLOYMENT_TARGET = 10.0;
				MTL_ENABLE_DEBUG_INFO = YES;
				ONLY_ACTIVE_ARCH = YES;
				SDKROOT = iphoneos;
				SWIFT_ACTIVE_COMPILATION_CONDITIONS = DEBUG;
				SWIFT_OPTIMIZATION_LEVEL = "-Onone";
				TARGETED_DEVICE_FAMILY = "1,2";
			};
			name = Debug;
		};
		282616AC1D946A600092AACA /* Release */ = {
			isa = XCBuildConfiguration;
			buildSettings = {
				ALWAYS_SEARCH_USER_PATHS = NO;
				CLANG_ANALYZER_NONNULL = YES;
				CLANG_CXX_LANGUAGE_STANDARD = "gnu++0x";
				CLANG_CXX_LIBRARY = "libc++";
				CLANG_ENABLE_MODULES = YES;
				CLANG_ENABLE_OBJC_ARC = YES;
				CLANG_WARN_BOOL_CONVERSION = YES;
				CLANG_WARN_CONSTANT_CONVERSION = YES;
				CLANG_WARN_DIRECT_OBJC_ISA_USAGE = YES_ERROR;
				CLANG_WARN_DOCUMENTATION_COMMENTS = YES;
				CLANG_WARN_EMPTY_BODY = YES;
				CLANG_WARN_ENUM_CONVERSION = YES;
				CLANG_WARN_INFINITE_RECURSION = YES;
				CLANG_WARN_INT_CONVERSION = YES;
				CLANG_WARN_OBJC_ROOT_CLASS = YES_ERROR;
				CLANG_WARN_SUSPICIOUS_MOVES = YES;
				CLANG_WARN_UNREACHABLE_CODE = YES;
				CLANG_WARN__DUPLICATE_METHOD_MATCH = YES;
				"CODE_SIGN_IDENTITY[sdk=iphoneos*]" = "iPhone Developer";
				COPY_PHASE_STRIP = NO;
				DEBUG_INFORMATION_FORMAT = "dwarf-with-dsym";
				ENABLE_NS_ASSERTIONS = NO;
				ENABLE_STRICT_OBJC_MSGSEND = YES;
				GCC_C_LANGUAGE_STANDARD = gnu99;
				GCC_NO_COMMON_BLOCKS = YES;
				GCC_WARN_64_TO_32_BIT_CONVERSION = YES;
				GCC_WARN_ABOUT_RETURN_TYPE = YES_ERROR;
				GCC_WARN_UNDECLARED_SELECTOR = YES;
				GCC_WARN_UNINITIALIZED_AUTOS = YES_AGGRESSIVE;
				GCC_WARN_UNUSED_FUNCTION = YES;
				GCC_WARN_UNUSED_VARIABLE = YES;
				IPHONEOS_DEPLOYMENT_TARGET = 10.0;
				MTL_ENABLE_DEBUG_INFO = NO;
				SDKROOT = iphoneos;
				SWIFT_OPTIMIZATION_LEVEL = "-Owholemodule";
				TARGETED_DEVICE_FAMILY = "1,2";
				VALIDATE_PRODUCT = YES;
			};
			name = Release;
		};
		282616AE1D946A600092AACA /* Debug */ = {
			isa = XCBuildConfiguration;
			buildSettings = {
				ASSETCATALOG_COMPILER_APPICON_NAME = AppIcon;
				INFOPLIST_FILE = AC32UnitMidunitMock/Info.plist;
				LD_RUNPATH_SEARCH_PATHS = "$(inherited) @executable_path/Frameworks";
				PRODUCT_BUNDLE_IDENTIFIER = C4Q.AC32UnitMidunitMock;
				PRODUCT_NAME = "$(TARGET_NAME)";
				SWIFT_VERSION = 3.0;
			};
			name = Debug;
		};
		282616AF1D946A600092AACA /* Release */ = {
			isa = XCBuildConfiguration;
			buildSettings = {
				ASSETCATALOG_COMPILER_APPICON_NAME = AppIcon;
				INFOPLIST_FILE = AC32UnitMidunitMock/Info.plist;
				LD_RUNPATH_SEARCH_PATHS = "$(inherited) @executable_path/Frameworks";
				PRODUCT_BUNDLE_IDENTIFIER = C4Q.AC32UnitMidunitMock;
				PRODUCT_NAME = "$(TARGET_NAME)";
				SWIFT_VERSION = 3.0;
			};
			name = Release;
		};
/* End XCBuildConfiguration section */

/* Begin XCConfigurationList section */
		282616961D946A5F0092AACA /* Build configuration list for PBXProject "AC32UnitMidunitMock" */ = {
			isa = XCConfigurationList;
			buildConfigurations = (
				282616AB1D946A600092AACA /* Debug */,
				282616AC1D946A600092AACA /* Release */,
			);
			defaultConfigurationIsVisible = 0;
			defaultConfigurationName = Release;
		};
		282616AD1D946A600092AACA /* Build configuration list for PBXNativeTarget "AC32UnitMidunitMock" */ = {
			isa = XCConfigurationList;
			buildConfigurations = (
				282616AE1D946A600092AACA /* Debug */,
				282616AF1D946A600092AACA /* Release */,
			);
			defaultConfigurationIsVisible = 0;
		};
/* End XCConfigurationList section */
	};
	rootObject = 282616931D946A5F0092AACA /* Project object */;
}
